{
  "name": "smalldiscordapi",
  "version": "1.0.1",
  "lockfileVersion": 2,
  "requires": true,
  "packages": {
    "": {
      "name": "smalldiscordapi",
      "version": "1.0.1",
      "license": "ISC",
      "dependencies": {
        "@stdlib/string-percent-encode": "^0.0.7",
        "axios": "^0.24.0",
        "ws": "^8.2.3"
      }
    },
    "node_modules/@stdlib/assert-has-node-buffer-support": {
      "version": "0.0.7",
      "resolved": "https://registry.npmjs.org/@stdlib/assert-has-node-buffer-support/-/assert-has-node-buffer-support-0.0.7.tgz",
      "integrity": "sha512-UU1YqYCkM+DM4q1ZepKoa/3ypWyNCtKup4RdU7fYbpqLE5MaN/1hEPiaM7yEbZLpBYHGMhUOyxo1TTjClsaqMg==",
      "os": [
        "aix",
        "darwin",
        "freebsd",
        "linux",
        "macos",
        "openbsd",
        "sunos",
        "win32",
        "windows"
      ],
      "dependencies": {
        "@stdlib/assert-is-buffer": "^0.0.x",
        "@stdlib/cli-ctor": "^0.0.x",
        "@stdlib/fs-read-file": "^0.0.x"
      },
      "bin": {
        "has-node-buffer-support": "bin/cli"
      },
      "engines": {
        "node": ">=0.10.0",
        "npm": ">2.7.0"
      },
      "funding": {
        "type": "patreon",
        "url": "https://www.patreon.com/athan"
      }
    },
    "node_modules/@stdlib/assert-has-own-property": {
      "version": "0.0.6",
      "resolved": "https://registry.npmjs.org/@stdlib/assert-has-own-property/-/assert-has-own-property-0.0.6.tgz",
      "integrity": "sha512-e70dnINl+687dpLPT70iq+MO8rNovbD5d+fOFL0+SafHsyOFHSZrkR6htaUSEQ+9oKPV6c8MzDiR3jQW6GK3bw==",
      "os": [
        "aix",
        "darwin",
        "freebsd",
        "linux",
        "macos",
        "openbsd",
        "sunos",
        "win32",
        "windows"
      ],
      "engines": {
        "node": ">=0.10.0",
        "npm": ">2.7.0"
      },
      "funding": {
        "type": "patreon",
        "url": "https://www.patreon.com/athan"
      }
    },
    "node_modules/@stdlib/assert-has-symbol-support": {
      "version": "0.0.7",
      "resolved": "https://registry.npmjs.org/@stdlib/assert-has-symbol-support/-/assert-has-symbol-support-0.0.7.tgz",
      "integrity": "sha512-kiLf0eGHLxuk3tvsJ3ScNhcmhZZ8g0657BdhtYjR82fLPGyqFm81WxU/bCH3facTlLEuMWSK61CwxQF7FdsrPw==",
      "os": [
        "aix",
        "darwin",
        "freebsd",
        "linux",
        "macos",
        "openbsd",
        "sunos",
        "win32",
        "windows"
      ],
      "dependencies": {
        "@stdlib/cli-ctor": "^0.0.x",
        "@stdlib/fs-read-file": "^0.0.x"
      },
      "bin": {
        "has-symbol-support": "bin/cli"
      },
      "engines": {
        "node": ">=0.10.0",
        "npm": ">2.7.0"
      },
      "funding": {
        "type": "patreon",
        "url": "https://www.patreon.com/athan"
      }
    },
    "node_modules/@stdlib/assert-has-tostringtag-support": {
      "version": "0.0.7",
      "resolved": "https://registry.npmjs.org/@stdlib/assert-has-tostringtag-support/-/assert-has-tostringtag-support-0.0.7.tgz",
      "integrity": "sha512-hE9MyseGwS4joFU3NAMjtZe8FPLZl7N/RAu21gOeiRSpm7ewbBjvmYwNTuZCnNV6FxMyxPCtW9lzXVP33fM8rQ==",
      "os": [
        "aix",
        "darwin",
        "freebsd",
        "linux",
        "macos",
        "openbsd",
        "sunos",
        "win32",
        "windows"
      ],
      "dependencies": {
        "@stdlib/assert-has-symbol-support": "^0.0.x",
        "@stdlib/cli-ctor": "^0.0.x",
        "@stdlib/fs-read-file": "^0.0.x"
      },
      "bin": {
        "has-tostringtag-support": "bin/cli"
      },
      "engines": {
        "node": ">=0.10.0",
        "npm": ">2.7.0"
      },
      "funding": {
        "type": "patreon",
        "url": "https://www.patreon.com/athan"
      }
    },
    "node_modules/@stdlib/assert-is-array": {
      "version": "0.0.6",
      "resolved": "https://registry.npmjs.org/@stdlib/assert-is-array/-/assert-is-array-0.0.6.tgz",
      "integrity": "sha512-t5z8B8Z80r8dSkXznG4Ryvtk5FuCbUKdXieK3Zvbq03xlP5Y6EUk3zc94ZZOZ9/MyKHJd+nUl47KJsSRox3KSg==",
      "os": [
        "aix",
        "darwin",
        "freebsd",
        "linux",
        "macos",
        "openbsd",
        "sunos",
        "win32",
        "windows"
      ],
      "dependencies": {
        "@stdlib/utils-native-class": "^0.0.x"
      },
      "engines": {
        "node": ">=0.10.0",
        "npm": ">2.7.0"
      },
      "funding": {
        "type": "patreon",
        "url": "https://www.patreon.com/athan"
      }
    },
    "node_modules/@stdlib/assert-is-boolean": {
      "version": "0.0.7",
      "resolved": "https://registry.npmjs.org/@stdlib/assert-is-boolean/-/assert-is-boolean-0.0.7.tgz",
      "integrity": "sha512-e7DFVs4V9x9yDcKzNR0Ue+y2xvGCp+Qgs3frCFtp+XiCoDUwUI6GkgbmOLQIPhWOBVgwIw8BAQ1nUvZJeKRWxw==",
      "os": [
        "aix",
        "darwin",
        "freebsd",
        "linux",
        "macos",
        "openbsd",
        "sunos",
        "win32",
        "windows"
      ],
      "dependencies": {
        "@stdlib/assert-has-tostringtag-support": "^0.0.x",
        "@stdlib/utils-define-nonenumerable-read-only-property": "^0.0.x",
        "@stdlib/utils-native-class": "^0.0.x"
      },
      "engines": {
        "node": ">=0.10.0",
        "npm": ">2.7.0"
      },
      "funding": {
        "type": "patreon",
        "url": "https://www.patreon.com/athan"
      }
    },
    "node_modules/@stdlib/assert-is-buffer": {
      "version": "0.0.7",
      "resolved": "https://registry.npmjs.org/@stdlib/assert-is-buffer/-/assert-is-buffer-0.0.7.tgz",
      "integrity": "sha512-1VJPY69LPNFtF4kB17SIegROVxU2J5j0HNMP5UdvfxISegE4kaTPUE0TET6yZ2/cYe4vFAXYnpY8YlRHCFpWlg==",
      "os": [
        "aix",
        "darwin",
        "freebsd",
        "linux",
        "macos",
        "openbsd",
        "sunos",
        "win32",
        "windows"
      ],
      "dependencies": {
        "@stdlib/assert-is-object-like": "^0.0.x"
      },
      "engines": {
        "node": ">=0.10.0",
        "npm": ">2.7.0"
      },
      "funding": {
        "type": "patreon",
        "url": "https://www.patreon.com/athan"
      }
    },
    "node_modules/@stdlib/assert-is-function": {
      "version": "0.0.7",
      "resolved": "https://registry.npmjs.org/@stdlib/assert-is-function/-/assert-is-function-0.0.7.tgz",
      "integrity": "sha512-/kx5JaDWj7q6XeSzKMprLpi/NlUDxl/3bH1RQIDlTC8MmyzpVCMcxdNcP/mL6XGFF0cIipBzqkxD1Dsieh9xpg==",
      "os": [
        "aix",
        "darwin",
        "freebsd",
        "linux",
        "macos",
        "openbsd",
        "sunos",
        "win32",
        "windows"
      ],
      "dependencies": {
        "@stdlib/utils-type-of": "^0.0.x"
      },
      "engines": {
        "node": ">=0.10.0",
        "npm": ">2.7.0"
      },
      "funding": {
        "type": "patreon",
        "url": "https://www.patreon.com/athan"
      }
    },
    "node_modules/@stdlib/assert-is-object-like": {
      "version": "0.0.6",
      "resolved": "https://registry.npmjs.org/@stdlib/assert-is-object-like/-/assert-is-object-like-0.0.6.tgz",
      "integrity": "sha512-UiChPZdXKnmL+jZrh3JnGlD4PZZgILLnxedS68nJRM9X2FmrlPONSk9m+nnvMHSskgMsTsy08Z4lks2EMsvm6w==",
      "os": [
        "aix",
        "darwin",
        "freebsd",
        "linux",
        "macos",
        "openbsd",
        "sunos",
        "win32",
        "windows"
      ],
      "dependencies": {
        "@stdlib/assert-tools-array-function": "^0.0.x",
        "@stdlib/utils-define-nonenumerable-read-only-property": "^0.0.x"
      },
      "engines": {
        "node": ">=0.10.0",
        "npm": ">2.7.0"
      },
      "funding": {
        "type": "patreon",
        "url": "https://www.patreon.com/athan"
      }
    },
    "node_modules/@stdlib/assert-is-string": {
      "version": "0.0.6",
      "resolved": "https://registry.npmjs.org/@stdlib/assert-is-string/-/assert-is-string-0.0.6.tgz",
      "integrity": "sha512-ngAej4+jmSCKJbKRVZkPIidik5LZ478C5kqdpteEe8QgLBaj3kPg56SlomXCQDyG0+pEiQ7RlNpwRrWkZWCoKw==",
      "os": [
        "aix",
        "darwin",
        "freebsd",
        "linux",
        "macos",
        "openbsd",
        "sunos",
        "win32",
        "windows"
      ],
      "dependencies": {
        "@stdlib/assert-has-tostringtag-support": "^0.0.x",
        "@stdlib/utils-define-nonenumerable-read-only-property": "^0.0.x",
        "@stdlib/utils-native-class": "^0.0.x"
      },
      "engines": {
        "node": ">=0.10.0",
        "npm": ">2.7.0"
      },
      "funding": {
        "type": "patreon",
        "url": "https://www.patreon.com/athan"
      }
    },
    "node_modules/@stdlib/assert-tools-array-function": {
      "version": "0.0.6",
      "resolved": "https://registry.npmjs.org/@stdlib/assert-tools-array-function/-/assert-tools-array-function-0.0.6.tgz",
      "integrity": "sha512-46/b3X0tqtGUSWmqsl5GXoRKeiqeGTgqqXwYa5y3K2yHJWW4XNRbo+y9RqmyGAu4KIhr/D+fFqVk8wm/sYWgeQ==",
      "os": [
        "aix",
        "darwin",
        "freebsd",
        "linux",
        "macos",
        "openbsd",
        "sunos",
        "win32",
        "windows"
      ],
      "dependencies": {
        "@stdlib/assert-is-array": "^0.0.x"
      },
      "engines": {
        "node": ">=0.10.0",
        "npm": ">2.7.0"
      },
      "funding": {
        "type": "patreon",
        "url": "https://www.patreon.com/athan"
      }
    },
    "node_modules/@stdlib/buffer-ctor": {
      "version": "0.0.6",
      "resolved": "https://registry.npmjs.org/@stdlib/buffer-ctor/-/buffer-ctor-0.0.6.tgz",
      "integrity": "sha512-ltmQFGbRmYEC7TW74fbI+PYLhvr/cyq0DJ8cwdfLE22QJWLmSw61t173RD+aDeGqwpkbmdfLitLrbYR5YLM2pQ==",
      "os": [
        "aix",
        "darwin",
        "freebsd",
        "linux",
        "macos",
        "openbsd",
        "sunos",
        "win32",
        "windows"
      ],
      "dependencies": {
        "@stdlib/assert-has-node-buffer-support": "^0.0.x"
      },
      "engines": {
        "node": ">=0.10.0",
        "npm": ">2.7.0"
      },
      "funding": {
        "type": "patreon",
        "url": "https://www.patreon.com/athan"
      }
    },
    "node_modules/@stdlib/buffer-from-string": {
      "version": "0.0.6",
      "resolved": "https://registry.npmjs.org/@stdlib/buffer-from-string/-/buffer-from-string-0.0.6.tgz",
      "integrity": "sha512-2FgbWYZUZQ/KaG5/vvEwd5QL1u26qKP2FuxYPKBDjTHiIqR3n+3FAFvTEmxpw7PiS5rcA7kyz3ZwDrIZVlK76A==",
      "os": [
        "aix",
        "darwin",
        "freebsd",
        "linux",
        "macos",
        "openbsd",
        "sunos",
        "win32",
        "windows"
      ],
      "dependencies": {
        "@stdlib/assert-is-function": "^0.0.x",
        "@stdlib/assert-is-string": "^0.0.x",
        "@stdlib/buffer-ctor": "^0.0.x"
      },
      "engines": {
        "node": ">=0.10.0",
        "npm": ">2.7.0"
      },
      "funding": {
        "type": "patreon",
        "url": "https://www.patreon.com/athan"
      }
    },
    "node_modules/@stdlib/cli-ctor": {
      "version": "0.0.2",
      "resolved": "https://registry.npmjs.org/@stdlib/cli-ctor/-/cli-ctor-0.0.2.tgz",
      "integrity": "sha512-/5mNj/FGCxDlcprVv9uVHlxymsLdqUdpHlhiRK8J54iVATFbEjnfOG71+J/EdBPxQgs/oWAV4u8QXC8ZM+EOcg==",
      "os": [
        "aix",
        "darwin",
        "freebsd",
        "linux",
        "macos",
        "openbsd",
        "sunos",
        "win32",
        "windows"
      ],
      "dependencies": {
        "@stdlib/utils-define-nonenumerable-read-only-property": "^0.0.x",
        "@stdlib/utils-noop": "^0.0.x",
        "minimist": "^1.2.0"
      },
      "engines": {
        "node": ">=0.10.0",
        "npm": ">2.7.0"
      },
      "funding": {
        "type": "patreon",
        "url": "https://www.patreon.com/athan"
      }
    },
    "node_modules/@stdlib/fs-read-file": {
      "version": "0.0.7",
      "resolved": "https://registry.npmjs.org/@stdlib/fs-read-file/-/fs-read-file-0.0.7.tgz",
      "integrity": "sha512-m3VKVTRTO+OaCSBP1g+ja+dpo2Fs4sIZ4PFzntI7smFFlQfIDG9kcayC1+cqGNtPD3lV7/wVCfgozIycHmGJtQ==",
      "os": [
        "aix",
        "darwin",
        "freebsd",
        "linux",
        "macos",
        "openbsd",
        "sunos",
        "win32",
        "windows"
      ],
      "dependencies": {
        "@stdlib/cli-ctor": "^0.0.x",
        "@stdlib/utils-define-nonenumerable-read-only-property": "^0.0.x"
      },
      "bin": {
        "read-file": "bin/cli"
      },
      "engines": {
        "node": ">=0.10.0",
        "npm": ">2.7.0"
      },
      "funding": {
        "type": "patreon",
        "url": "https://www.patreon.com/athan"
      }
    },
    "node_modules/@stdlib/process-read-stdin": {
      "version": "0.0.6",
      "resolved": "https://registry.npmjs.org/@stdlib/process-read-stdin/-/process-read-stdin-0.0.6.tgz",
      "integrity": "sha512-8PSXMK4XMfhyjTSzxoeKqRRGvOLB8WjkxzzBNf27GI8jgw51oKs3yHbQFLOlpNSsTNN66NIDLn1PEhOK68RgvA==",
      "os": [
        "aix",
        "darwin",
        "freebsd",
        "linux",
        "macos",
        "openbsd",
        "sunos",
        "win32",
        "windows"
      ],
      "dependencies": {
        "@stdlib/assert-is-function": "^0.0.x",
        "@stdlib/assert-is-string": "^0.0.x",
        "@stdlib/buffer-ctor": "^0.0.x",
        "@stdlib/buffer-from-string": "^0.0.x",
        "@stdlib/streams-node-stdin": "^0.0.x",
        "@stdlib/utils-next-tick": "^0.0.x"
      },
      "engines": {
        "node": ">=0.10.0",
        "npm": ">2.7.0"
      },
      "funding": {
        "type": "patreon",
        "url": "https://www.patreon.com/athan"
      }
    },
    "node_modules/@stdlib/regexp-function-name": {
      "version": "0.0.6",
      "resolved": "https://registry.npmjs.org/@stdlib/regexp-function-name/-/regexp-function-name-0.0.6.tgz",
      "integrity": "sha512-T/WdLsJ1ghhg0km+2JF0OZ9ntkPqCWlk9AaD2zITkpVNN6w4072+MpUl2XwTM6dGwHgxzQldCGK4Ti/J0/bftw==",
      "os": [
        "aix",
        "darwin",
        "freebsd",
        "linux",
        "macos",
        "openbsd",
        "sunos",
        "win32",
        "windows"
      ],
      "dependencies": {
        "@stdlib/utils-define-nonenumerable-read-only-property": "^0.0.x"
      },
      "engines": {
        "node": ">=0.10.0",
        "npm": ">2.7.0"
      },
      "funding": {
        "type": "patreon",
        "url": "https://www.patreon.com/athan"
      }
    },
    "node_modules/@stdlib/streams-node-stdin": {
      "version": "0.0.6",
      "resolved": "https://registry.npmjs.org/@stdlib/streams-node-stdin/-/streams-node-stdin-0.0.6.tgz",
      "integrity": "sha512-WBxrBpFewya5PD09nyPHM9x0HMFrCKEgVaea7OHD6ZrLjU+zzXDTGIgU6p7+lF0WxFxU/K/PUeFhs+iWnvNg0Q==",
      "os": [
        "aix",
        "darwin",
        "freebsd",
        "linux",
        "macos",
        "openbsd",
        "sunos",
        "win32",
        "windows"
      ],
      "engines": {
        "node": ">=0.10.0",
        "npm": ">2.7.0"
      },
      "funding": {
        "type": "patreon",
        "url": "https://www.patreon.com/athan"
      }
    },
    "node_modules/@stdlib/string-percent-encode": {
      "version": "0.0.7",
      "resolved": "https://registry.npmjs.org/@stdlib/string-percent-encode/-/string-percent-encode-0.0.7.tgz",
      "integrity": "sha512-A7oHtT993RtUBiuheBv1m0UEu+WAbnFQt8lMXDErGGR+mmUftZdoEcBv5Gtc88Wbs53xC8G4H0YWdS8m3OxCtg==",
      "os": [
        "aix",
        "darwin",
        "freebsd",
        "linux",
        "macos",
        "openbsd",
        "sunos",
        "win32",
        "windows"
      ],
      "dependencies": {
        "@stdlib/assert-is-string": "^0.0.x",
        "@stdlib/cli-ctor": "^0.0.x",
        "@stdlib/fs-read-file": "^0.0.x",
        "@stdlib/process-read-stdin": "^0.0.x",
        "@stdlib/streams-node-stdin": "^0.0.x",
        "@stdlib/string-utf16-to-utf8-array": "^0.0.x"
      },
      "bin": {
        "percent-encode": "bin/cli"
      },
      "engines": {
        "node": ">=0.10.0",
        "npm": ">2.7.0"
      },
      "funding": {
        "type": "patreon",
        "url": "https://www.patreon.com/athan"
      }
    },
    "node_modules/@stdlib/string-utf16-to-utf8-array": {
      "version": "0.0.6",
      "resolved": "https://registry.npmjs.org/@stdlib/string-utf16-to-utf8-array/-/string-utf16-to-utf8-array-0.0.6.tgz",
      "integrity": "sha512-dX8+wuOxa8iUxWTJj7bpC6v2KywZ7zKRmJsQvyicSTzSbV6qQYCm2rNJLbZ0RpzdSski3vyLpJ0rypHrBXL3Yw==",
      "os": [
        "aix",
        "darwin",
        "freebsd",
        "linux",
        "macos",
        "openbsd",
        "sunos",
        "win32",
        "windows"
      ],
      "dependencies": {
        "@stdlib/assert-is-string": "^0.0.x"
      },
      "engines": {
        "node": ">=0.10.0",
        "npm": ">2.7.0"
      },
      "funding": {
        "type": "patreon",
        "url": "https://www.patreon.com/athan"
      }
    },
    "node_modules/@stdlib/types": {
      "version": "0.0.13",
      "resolved": "https://registry.npmjs.org/@stdlib/types/-/types-0.0.13.tgz",
      "integrity": "sha512-8aPkDtaJM/XZENqhoj7BYuwENLGyxz1xfLIcf2zct7kLZMi0rODzks3n65LEMIR9Rh3rFDXlwc35XvzEkTpmZQ==",
      "os": [
        "aix",
        "darwin",
        "freebsd",
        "linux",
        "macos",
        "openbsd",
        "sunos",
        "win32",
        "windows"
      ],
      "engines": {
        "node": ">=0.10.0",
        "npm": ">2.7.0"
      },
      "funding": {
        "type": "patreon",
        "url": "https://www.patreon.com/athan"
      }
    },
    "node_modules/@stdlib/utils-constructor-name": {
      "version": "0.0.7",
      "resolved": "https://registry.npmjs.org/@stdlib/utils-constructor-name/-/utils-constructor-name-0.0.7.tgz",
      "integrity": "sha512-Z5N6fnJvbU4Zmbrtr0s3TeNqjZm/nj3/jDEnRmMn7g5zuTr3Yl4VzfcjGWP80Dqjc5GlK32rfcWS5C4ujy0B5A==",
      "os": [
        "aix",
        "darwin",
        "freebsd",
        "linux",
        "macos",
        "openbsd",
        "sunos",
        "win32",
        "windows"
      ],
      "dependencies": {
        "@stdlib/assert-is-buffer": "^0.0.x",
        "@stdlib/regexp-function-name": "^0.0.x",
        "@stdlib/utils-native-class": "^0.0.x"
      },
      "engines": {
        "node": ">=0.10.0",
        "npm": ">2.7.0"
      },
      "funding": {
        "type": "patreon",
        "url": "https://www.patreon.com/athan"
      }
    },
    "node_modules/@stdlib/utils-define-nonenumerable-read-only-property": {
      "version": "0.0.6",
      "resolved": "https://registry.npmjs.org/@stdlib/utils-define-nonenumerable-read-only-property/-/utils-define-nonenumerable-read-only-property-0.0.6.tgz",
      "integrity": "sha512-j0NsSDFa0hUx9MtZ1mMj+Ak5nxI+cU7dEMB6C6JgJhkKDz9Hg1iT/KhzlGPaIn1Tsycvyydge906qVepjspXgQ==",
      "os": [
        "aix",
        "darwin",
        "freebsd",
        "linux",
        "macos",
        "openbsd",
        "sunos",
        "win32",
        "windows"
      ],
      "dependencies": {
        "@stdlib/types": "^0.0.x",
        "@stdlib/utils-define-property": "^0.0.x"
      },
      "engines": {
        "node": ">=0.10.0",
        "npm": ">2.7.0"
      },
      "funding": {
        "type": "patreon",
        "url": "https://www.patreon.com/athan"
      }
    },
    "node_modules/@stdlib/utils-define-property": {
      "version": "0.0.7",
      "resolved": "https://registry.npmjs.org/@stdlib/utils-define-property/-/utils-define-property-0.0.7.tgz",
      "integrity": "sha512-druB11NwdtkDTP35lx8qeYnqXPcyddde78h1hflVB0OsKtFofUVbg0oo/pm30gBYFCWWtIhxL6iC7feeuUU/yQ==",
      "os": [
        "aix",
        "darwin",
        "freebsd",
        "linux",
        "macos",
        "openbsd",
        "sunos",
        "win32",
        "windows"
      ],
      "dependencies": {
        "@stdlib/types": "^0.0.x"
      },
      "engines": {
        "node": ">=0.10.0",
        "npm": ">2.7.0"
      },
      "funding": {
        "type": "patreon",
        "url": "https://www.patreon.com/athan"
      }
    },
    "node_modules/@stdlib/utils-global": {
      "version": "0.0.6",
      "resolved": "https://registry.npmjs.org/@stdlib/utils-global/-/utils-global-0.0.6.tgz",
      "integrity": "sha512-I40vkISJ+TFak8HYIhtNMx2ILj9NGkYuey0YqGC+fBo1/cNm4GET4DbTlFKc6N4jEzZDRQyDxQjAK+9iBC75yw==",
      "os": [
        "aix",
        "darwin",
        "freebsd",
        "linux",
        "macos",
        "openbsd",
        "sunos",
        "win32",
        "windows"
      ],
      "dependencies": {
        "@stdlib/assert-is-boolean": "^0.0.x"
      },
      "engines": {
        "node": ">=0.10.0",
        "npm": ">2.7.0"
      },
      "funding": {
        "type": "patreon",
        "url": "https://www.patreon.com/athan"
      }
    },
    "node_modules/@stdlib/utils-native-class": {
      "version": "0.0.7",
      "resolved": "https://registry.npmjs.org/@stdlib/utils-native-class/-/utils-native-class-0.0.7.tgz",
      "integrity": "sha512-83s2ithhqlHh60zXxqmIdN1vm4tyTDb4aL+MIfuLh+0x8cSodOhcdtyhQ4rCGXNSMeQUB/N6/rVVf3BGRFzrLQ==",
      "os": [
        "aix",
        "darwin",
        "freebsd",
        "linux",
        "macos",
        "openbsd",
        "sunos",
        "win32",
        "windows"
      ],
      "dependencies": {
        "@stdlib/assert-has-own-property": "^0.0.x",
        "@stdlib/assert-has-tostringtag-support": "^0.0.x"
      },
      "engines": {
        "node": ">=0.10.0",
        "npm": ">2.7.0"
      },
      "funding": {
        "type": "patreon",
        "url": "https://www.patreon.com/athan"
      }
    },
    "node_modules/@stdlib/utils-next-tick": {
      "version": "0.0.6",
      "resolved": "https://registry.npmjs.org/@stdlib/utils-next-tick/-/utils-next-tick-0.0.6.tgz",
      "integrity": "sha512-NWFJCx4pTqs48JSEImsYod4GWmi2m1Q1PB5MPd9b0cGey05GybJ5I3SY0fUUn/dSaAI7dydXcxx6cgGnHJbXAw==",
      "os": [
        "aix",
        "darwin",
        "freebsd",
        "linux",
        "macos",
        "openbsd",
        "sunos",
        "win32",
        "windows"
      ],
      "engines": {
        "node": ">=0.10.0",
        "npm": ">2.7.0"
      },
      "funding": {
        "type": "patreon",
        "url": "https://www.patreon.com/athan"
      }
    },
    "node_modules/@stdlib/utils-noop": {
      "version": "0.0.8",
      "resolved": "https://registry.npmjs.org/@stdlib/utils-noop/-/utils-noop-0.0.8.tgz",
      "integrity": "sha512-rDCM7W7T9J5H/98n01v+mk/cnbw6mErVg0gK2Rwgora0o1/roJjlRRM0lcvz2Csc+jh5dyO+A26L0y4yyBs/yg==",
      "os": [
        "aix",
        "darwin",
        "freebsd",
        "linux",
        "macos",
        "openbsd",
        "sunos",
        "win32",
        "windows"
      ],
      "engines": {
        "node": ">=0.10.0",
        "npm": ">2.7.0"
      },
      "funding": {
        "type": "patreon",
        "url": "https://www.patreon.com/athan"
      }
    },
    "node_modules/@stdlib/utils-type-of": {
      "version": "0.0.7",
      "resolved": "https://registry.npmjs.org/@stdlib/utils-type-of/-/utils-type-of-0.0.7.tgz",
      "integrity": "sha512-dZysZILiFNOhuxhmqR+xyWU9thrrrvwWMnNARIVfH/z1pVtM/jmbUXSYRSMrKLyC6RQkKHwH2NRRammnUIDzdA==",
      "os": [
        "aix",
        "darwin",
        "freebsd",
        "linux",
        "macos",
        "openbsd",
        "sunos",
        "win32",
        "windows"
      ],
      "dependencies": {
        "@stdlib/utils-constructor-name": "^0.0.x",
        "@stdlib/utils-global": "^0.0.x"
      },
      "engines": {
        "node": ">=0.10.0",
        "npm": ">2.7.0"
      },
      "funding": {
        "type": "patreon",
        "url": "https://www.patreon.com/athan"
      }
    },
    "node_modules/axios": {
      "version": "0.24.0",
      "resolved": "https://registry.npmjs.org/axios/-/axios-0.24.0.tgz",
      "integrity": "sha512-Q6cWsys88HoPgAaFAVUb0WpPk0O8iTeisR9IMqy9G8AbO4NlpVknrnQS03zzF9PGAWgO3cgletO3VjV/P7VztA==",
      "dependencies": {
        "follow-redirects": "^1.14.4"
      }
    },
    "node_modules/follow-redirects": {
      "version": "1.14.4",
      "resolved": "https://registry.npmjs.org/follow-redirects/-/follow-redirects-1.14.4.tgz",
      "integrity": "sha512-zwGkiSXC1MUJG/qmeIFH2HBJx9u0V46QGUe3YR1fXG8bXQxq7fLj0RjLZQ5nubr9qNJUZrH+xUcwXEoXNpfS+g==",
      "funding": [
        {
          "type": "individual",
          "url": "https://github.com/sponsors/RubenVerborgh"
        }
      ],
      "engines": {
        "node": ">=4.0"
      },
      "peerDependenciesMeta": {
        "debug": {
          "optional": true
        }
      }
    },
    "node_modules/minimist": {
      "version": "1.2.5",
      "resolved": "https://registry.npmjs.org/minimist/-/minimist-1.2.5.tgz",
      "integrity": "sha512-FM9nNUYrRBAELZQT3xeZQ7fmMOBg6nWNmJKTcgsJeaLstP/UODVpGsr5OhXhhXg6f+qtJ8uiZ+PUxkDWcgIXLw=="
    },
    "node_modules/ws": {
      "version": "8.2.3",
      "resolved": "https://registry.npmjs.org/ws/-/ws-8.2.3.tgz",
      "integrity": "sha512-wBuoj1BDpC6ZQ1B7DWQBYVLphPWkm8i9Y0/3YdHjHKHiohOJ1ws+3OccDWtH+PoC9DZD5WOTrJvNbWvjS6JWaA==",
      "engines": {
        "node": ">=10.0.0"
      },
      "peerDependencies": {
        "bufferutil": "^4.0.1",
        "utf-8-validate": "^5.0.2"
      },
      "peerDependenciesMeta": {
        "bufferutil": {
          "optional": true
        },
        "utf-8-validate": {
          "optional": true
        }
      }
    }
  },
  "dependencies": {
    "@stdlib/assert-has-node-buffer-support": {
      "version": "0.0.7",
      "resolved": "https://registry.npmjs.org/@stdlib/assert-has-node-buffer-support/-/assert-has-node-buffer-support-0.0.7.tgz",
      "integrity": "sha512-UU1YqYCkM+DM4q1ZepKoa/3ypWyNCtKup4RdU7fYbpqLE5MaN/1hEPiaM7yEbZLpBYHGMhUOyxo1TTjClsaqMg==",
      "requires": {
        "@stdlib/assert-is-buffer": "^0.0.x",
        "@stdlib/cli-ctor": "^0.0.x",
        "@stdlib/fs-read-file": "^0.0.x"
      }
    },
    "@stdlib/assert-has-own-property": {
      "version": "0.0.6",
      "resolved": "https://registry.npmjs.org/@stdlib/assert-has-own-property/-/assert-has-own-property-0.0.6.tgz",
      "integrity": "sha512-e70dnINl+687dpLPT70iq+MO8rNovbD5d+fOFL0+SafHsyOFHSZrkR6htaUSEQ+9oKPV6c8MzDiR3jQW6GK3bw=="
    },
    "@stdlib/assert-has-symbol-support": {
      "version": "0.0.7",
      "resolved": "https://registry.npmjs.org/@stdlib/assert-has-symbol-support/-/assert-has-symbol-support-0.0.7.tgz",
      "integrity": "sha512-kiLf0eGHLxuk3tvsJ3ScNhcmhZZ8g0657BdhtYjR82fLPGyqFm81WxU/bCH3facTlLEuMWSK61CwxQF7FdsrPw==",
      "requires": {
        "@stdlib/cli-ctor": "^0.0.x",
        "@stdlib/fs-read-file": "^0.0.x"
      }
    },
    "@stdlib/assert-has-tostringtag-support": {
      "version": "0.0.7",
      "resolved": "https://registry.npmjs.org/@stdlib/assert-has-tostringtag-support/-/assert-has-tostringtag-support-0.0.7.tgz",
      "integrity": "sha512-hE9MyseGwS4joFU3NAMjtZe8FPLZl7N/RAu21gOeiRSpm7ewbBjvmYwNTuZCnNV6FxMyxPCtW9lzXVP33fM8rQ==",
      "requires": {
        "@stdlib/assert-has-symbol-support": "^0.0.x",
        "@stdlib/cli-ctor": "^0.0.x",
        "@stdlib/fs-read-file": "^0.0.x"
      }
    },
    "@stdlib/assert-is-array": {
      "version": "0.0.6",
      "resolved": "https://registry.npmjs.org/@stdlib/assert-is-array/-/assert-is-array-0.0.6.tgz",
      "integrity": "sha512-t5z8B8Z80r8dSkXznG4Ryvtk5FuCbUKdXieK3Zvbq03xlP5Y6EUk3zc94ZZOZ9/MyKHJd+nUl47KJsSRox3KSg==",
      "requires": {
        "@stdlib/utils-native-class": "^0.0.x"
      }
    },
    "@stdlib/assert-is-boolean": {
      "version": "0.0.7",
      "resolved": "https://registry.npmjs.org/@stdlib/assert-is-boolean/-/assert-is-boolean-0.0.7.tgz",
      "integrity": "sha512-e7DFVs4V9x9yDcKzNR0Ue+y2xvGCp+Qgs3frCFtp+XiCoDUwUI6GkgbmOLQIPhWOBVgwIw8BAQ1nUvZJeKRWxw==",
      "requires": {
        "@stdlib/assert-has-tostringtag-support": "^0.0.x",
        "@stdlib/utils-define-nonenumerable-read-only-property": "^0.0.x",
        "@stdlib/utils-native-class": "^0.0.x"
      }
    },
    "@stdlib/assert-is-buffer": {
      "version": "0.0.7",
      "resolved": "https://registry.npmjs.org/@stdlib/assert-is-buffer/-/assert-is-buffer-0.0.7.tgz",
      "integrity": "sha512-1VJPY69LPNFtF4kB17SIegROVxU2J5j0HNMP5UdvfxISegE4kaTPUE0TET6yZ2/cYe4vFAXYnpY8YlRHCFpWlg==",
      "requires": {
        "@stdlib/assert-is-object-like": "^0.0.x"
      }
    },
    "@stdlib/assert-is-function": {
      "version": "0.0.7",
      "resolved": "https://registry.npmjs.org/@stdlib/assert-is-function/-/assert-is-function-0.0.7.tgz",
      "integrity": "sha512-/kx5JaDWj7q6XeSzKMprLpi/NlUDxl/3bH1RQIDlTC8MmyzpVCMcxdNcP/mL6XGFF0cIipBzqkxD1Dsieh9xpg==",
      "requires": {
        "@stdlib/utils-type-of": "^0.0.x"
      }
    },
    "@stdlib/assert-is-object-like": {
      "version": "0.0.6",
      "resolved": "https://registry.npmjs.org/@stdlib/assert-is-object-like/-/assert-is-object-like-0.0.6.tgz",
      "integrity": "sha512-UiChPZdXKnmL+jZrh3JnGlD4PZZgILLnxedS68nJRM9X2FmrlPONSk9m+nnvMHSskgMsTsy08Z4lks2EMsvm6w==",
      "requires": {
        "@stdlib/assert-tools-array-function": "^0.0.x",
        "@stdlib/utils-define-nonenumerable-read-only-property": "^0.0.x"
      }
    },
    "@stdlib/assert-is-string": {
      "version": "0.0.6",
      "resolved": "https://registry.npmjs.org/@stdlib/assert-is-string/-/assert-is-string-0.0.6.tgz",
      "integrity": "sha512-ngAej4+jmSCKJbKRVZkPIidik5LZ478C5kqdpteEe8QgLBaj3kPg56SlomXCQDyG0+pEiQ7RlNpwRrWkZWCoKw==",
      "requires": {
        "@stdlib/assert-has-tostringtag-support": "^0.0.x",
        "@stdlib/utils-define-nonenumerable-read-only-property": "^0.0.x",
        "@stdlib/utils-native-class": "^0.0.x"
      }
    },
    "@stdlib/assert-tools-array-function": {
      "version": "0.0.6",
      "resolved": "https://registry.npmjs.org/@stdlib/assert-tools-array-function/-/assert-tools-array-function-0.0.6.tgz",
      "integrity": "sha512-46/b3X0tqtGUSWmqsl5GXoRKeiqeGTgqqXwYa5y3K2yHJWW4XNRbo+y9RqmyGAu4KIhr/D+fFqVk8wm/sYWgeQ==",
      "requires": {
        "@stdlib/assert-is-array": "^0.0.x"
      }
    },
    "@stdlib/buffer-ctor": {
      "version": "0.0.6",
      "resolved": "https://registry.npmjs.org/@stdlib/buffer-ctor/-/buffer-ctor-0.0.6.tgz",
      "integrity": "sha512-ltmQFGbRmYEC7TW74fbI+PYLhvr/cyq0DJ8cwdfLE22QJWLmSw61t173RD+aDeGqwpkbmdfLitLrbYR5YLM2pQ==",
      "requires": {
        "@stdlib/assert-has-node-buffer-support": "^0.0.x"
      }
    },
    "@stdlib/buffer-from-string": {
      "version": "0.0.6",
      "resolved": "https://registry.npmjs.org/@stdlib/buffer-from-string/-/buffer-from-string-0.0.6.tgz",
      "integrity": "sha512-2FgbWYZUZQ/KaG5/vvEwd5QL1u26qKP2FuxYPKBDjTHiIqR3n+3FAFvTEmxpw7PiS5rcA7kyz3ZwDrIZVlK76A==",
      "requires": {
        "@stdlib/assert-is-function": "^0.0.x",
        "@stdlib/assert-is-string": "^0.0.x",
        "@stdlib/buffer-ctor": "^0.0.x"
      }
    },
    "@stdlib/cli-ctor": {
      "version": "0.0.2",
      "resolved": "https://registry.npmjs.org/@stdlib/cli-ctor/-/cli-ctor-0.0.2.tgz",
      "integrity": "sha512-/5mNj/FGCxDlcprVv9uVHlxymsLdqUdpHlhiRK8J54iVATFbEjnfOG71+J/EdBPxQgs/oWAV4u8QXC8ZM+EOcg==",
      "requires": {
        "@stdlib/utils-define-nonenumerable-read-only-property": "^0.0.x",
        "@stdlib/utils-noop": "^0.0.x",
        "minimist": "^1.2.0"
      }
    },
    "@stdlib/fs-read-file": {
      "version": "0.0.7",
      "resolved": "https://registry.npmjs.org/@stdlib/fs-read-file/-/fs-read-file-0.0.7.tgz",
      "integrity": "sha512-m3VKVTRTO+OaCSBP1g+ja+dpo2Fs4sIZ4PFzntI7smFFlQfIDG9kcayC1+cqGNtPD3lV7/wVCfgozIycHmGJtQ==",
      "requires": {
        "@stdlib/cli-ctor": "^0.0.x",
        "@stdlib/utils-define-nonenumerable-read-only-property": "^0.0.x"
      }
    },
    "@stdlib/process-read-stdin": {
      "version": "0.0.6",
      "resolved": "https://registry.npmjs.org/@stdlib/process-read-stdin/-/process-read-stdin-0.0.6.tgz",
      "integrity": "sha512-8PSXMK4XMfhyjTSzxoeKqRRGvOLB8WjkxzzBNf27GI8jgw51oKs3yHbQFLOlpNSsTNN66NIDLn1PEhOK68RgvA==",
      "requires": {
        "@stdlib/assert-is-function": "^0.0.x",
        "@stdlib/assert-is-string": "^0.0.x",
        "@stdlib/buffer-ctor": "^0.0.x",
        "@stdlib/buffer-from-string": "^0.0.x",
        "@stdlib/streams-node-stdin": "^0.0.x",
        "@stdlib/utils-next-tick": "^0.0.x"
      }
    },
    "@stdlib/regexp-function-name": {
      "version": "0.0.6",
      "resolved": "https://registry.npmjs.org/@stdlib/regexp-function-name/-/regexp-function-name-0.0.6.tgz",
      "integrity": "sha512-T/WdLsJ1ghhg0km+2JF0OZ9ntkPqCWlk9AaD2zITkpVNN6w4072+MpUl2XwTM6dGwHgxzQldCGK4Ti/J0/bftw==",
      "requires": {
        "@stdlib/utils-define-nonenumerable-read-only-property": "^0.0.x"
      }
    },
    "@stdlib/streams-node-stdin": {
      "version": "0.0.6",
      "resolved": "https://registry.npmjs.org/@stdlib/streams-node-stdin/-/streams-node-stdin-0.0.6.tgz",
      "integrity": "sha512-WBxrBpFewya5PD09nyPHM9x0HMFrCKEgVaea7OHD6ZrLjU+zzXDTGIgU6p7+lF0WxFxU/K/PUeFhs+iWnvNg0Q=="
    },
    "@stdlib/string-percent-encode": {
      "version": "0.0.7",
      "resolved": "https://registry.npmjs.org/@stdlib/string-percent-encode/-/string-percent-encode-0.0.7.tgz",
      "integrity": "sha512-A7oHtT993RtUBiuheBv1m0UEu+WAbnFQt8lMXDErGGR+mmUftZdoEcBv5Gtc88Wbs53xC8G4H0YWdS8m3OxCtg==",
      "requires": {
        "@stdlib/assert-is-string": "^0.0.x",
        "@stdlib/cli-ctor": "^0.0.x",
        "@stdlib/fs-read-file": "^0.0.x",
        "@stdlib/process-read-stdin": "^0.0.x",
        "@stdlib/streams-node-stdin": "^0.0.x",
        "@stdlib/string-utf16-to-utf8-array": "^0.0.x"
      }
    },
    "@stdlib/string-utf16-to-utf8-array": {
      "version": "0.0.6",
      "resolved": "https://registry.npmjs.org/@stdlib/string-utf16-to-utf8-array/-/string-utf16-to-utf8-array-0.0.6.tgz",
      "integrity": "sha512-dX8+wuOxa8iUxWTJj7bpC6v2KywZ7zKRmJsQvyicSTzSbV6qQYCm2rNJLbZ0RpzdSski3vyLpJ0rypHrBXL3Yw==",
      "requires": {
        "@stdlib/assert-is-string": "^0.0.x"
      }
    },
    "@stdlib/types": {
      "version": "0.0.13",
      "resolved": "https://registry.npmjs.org/@stdlib/types/-/types-0.0.13.tgz",
      "integrity": "sha512-8aPkDtaJM/XZENqhoj7BYuwENLGyxz1xfLIcf2zct7kLZMi0rODzks3n65LEMIR9Rh3rFDXlwc35XvzEkTpmZQ=="
    },
    "@stdlib/utils-constructor-name": {
      "version": "0.0.7",
      "resolved": "https://registry.npmjs.org/@stdlib/utils-constructor-name/-/utils-constructor-name-0.0.7.tgz",
      "integrity": "sha512-Z5N6fnJvbU4Zmbrtr0s3TeNqjZm/nj3/jDEnRmMn7g5zuTr3Yl4VzfcjGWP80Dqjc5GlK32rfcWS5C4ujy0B5A==",
      "requires": {
        "@stdlib/assert-is-buffer": "^0.0.x",
        "@stdlib/regexp-function-name": "^0.0.x",
        "@stdlib/utils-native-class": "^0.0.x"
      }
    },
    "@stdlib/utils-define-nonenumerable-read-only-property": {
      "version": "0.0.6",
      "resolved": "https://registry.npmjs.org/@stdlib/utils-define-nonenumerable-read-only-property/-/utils-define-nonenumerable-read-only-property-0.0.6.tgz",
      "integrity": "sha512-j0NsSDFa0hUx9MtZ1mMj+Ak5nxI+cU7dEMB6C6JgJhkKDz9Hg1iT/KhzlGPaIn1Tsycvyydge906qVepjspXgQ==",
      "requires": {
        "@stdlib/types": "^0.0.x",
        "@stdlib/utils-define-property": "^0.0.x"
      }
    },
    "@stdlib/utils-define-property": {
      "version": "0.0.7",
      "resolved": "https://registry.npmjs.org/@stdlib/utils-define-property/-/utils-define-property-0.0.7.tgz",
      "integrity": "sha512-druB11NwdtkDTP35lx8qeYnqXPcyddde78h1hflVB0OsKtFofUVbg0oo/pm30gBYFCWWtIhxL6iC7feeuUU/yQ==",
      "requires": {
        "@stdlib/types": "^0.0.x"
      }
    },
    "@stdlib/utils-global": {
      "version": "0.0.6",
      "resolved": "https://registry.npmjs.org/@stdlib/utils-global/-/utils-global-0.0.6.tgz",
      "integrity": "sha512-I40vkISJ+TFak8HYIhtNMx2ILj9NGkYuey0YqGC+fBo1/cNm4GET4DbTlFKc6N4jEzZDRQyDxQjAK+9iBC75yw==",
      "requires": {
        "@stdlib/assert-is-boolean": "^0.0.x"
      }
    },
    "@stdlib/utils-native-class": {
      "version": "0.0.7",
      "resolved": "https://registry.npmjs.org/@stdlib/utils-native-class/-/utils-native-class-0.0.7.tgz",
      "integrity": "sha512-83s2ithhqlHh60zXxqmIdN1vm4tyTDb4aL+MIfuLh+0x8cSodOhcdtyhQ4rCGXNSMeQUB/N6/rVVf3BGRFzrLQ==",
      "requires": {
        "@stdlib/assert-has-own-property": "^0.0.x",
        "@stdlib/assert-has-tostringtag-support": "^0.0.x"
      }
    },
    "@stdlib/utils-next-tick": {
      "version": "0.0.6",
      "resolved": "https://registry.npmjs.org/@stdlib/utils-next-tick/-/utils-next-tick-0.0.6.tgz",
      "integrity": "sha512-NWFJCx4pTqs48JSEImsYod4GWmi2m1Q1PB5MPd9b0cGey05GybJ5I3SY0fUUn/dSaAI7dydXcxx6cgGnHJbXAw=="
    },
    "@stdlib/utils-noop": {
      "version": "0.0.8",
      "resolved": "https://registry.npmjs.org/@stdlib/utils-noop/-/utils-noop-0.0.8.tgz",
      "integrity": "sha512-rDCM7W7T9J5H/98n01v+mk/cnbw6mErVg0gK2Rwgora0o1/roJjlRRM0lcvz2Csc+jh5dyO+A26L0y4yyBs/yg=="
    },
    "@stdlib/utils-type-of": {
      "version": "0.0.7",
      "resolved": "https://registry.npmjs.org/@stdlib/utils-type-of/-/utils-type-of-0.0.7.tgz",
      "integrity": "sha512-dZysZILiFNOhuxhmqR+xyWU9thrrrvwWMnNARIVfH/z1pVtM/jmbUXSYRSMrKLyC6RQkKHwH2NRRammnUIDzdA==",
      "requires": {
        "@stdlib/utils-constructor-name": "^0.0.x",
        "@stdlib/utils-global": "^0.0.x"
      }
    },
    "axios": {
      "version": "0.24.0",
      "resolved": "https://registry.npmjs.org/axios/-/axios-0.24.0.tgz",
      "integrity": "sha512-Q6cWsys88HoPgAaFAVUb0WpPk0O8iTeisR9IMqy9G8AbO4NlpVknrnQS03zzF9PGAWgO3cgletO3VjV/P7VztA==",
      "requires": {
        "follow-redirects": "^1.14.4"
      }
    },
    "follow-redirects": {
      "version": "1.14.4",
      "resolved": "https://registry.npmjs.org/follow-redirects/-/follow-redirects-1.14.4.tgz",
      "integrity": "sha512-zwGkiSXC1MUJG/qmeIFH2HBJx9u0V46QGUe3YR1fXG8bXQxq7fLj0RjLZQ5nubr9qNJUZrH+xUcwXEoXNpfS+g=="
    },
    "minimist": {
      "version": "1.2.5",
      "resolved": "https://registry.npmjs.org/minimist/-/minimist-1.2.5.tgz",
      "integrity": "sha512-FM9nNUYrRBAELZQT3xeZQ7fmMOBg6nWNmJKTcgsJeaLstP/UODVpGsr5OhXhhXg6f+qtJ8uiZ+PUxkDWcgIXLw=="
    },
    "ws": {
      "version": "8.2.3",
      "resolved": "https://registry.npmjs.org/ws/-/ws-8.2.3.tgz",
      "integrity": "sha512-wBuoj1BDpC6ZQ1B7DWQBYVLphPWkm8i9Y0/3YdHjHKHiohOJ1ws+3OccDWtH+PoC9DZD5WOTrJvNbWvjS6JWaA==",
      "requires": {}
    }
  }
}
